
Microsoft Visual Studio Solution File, Format Version 12.00
# Visual Studio 14
VisualStudioVersion = 14.0.23107.0
MinimumVisualStudioVersion = 10.0.40219.1
Project("{FAE04EC0-301F-11D3-BF4B-00C04F79EFBC}") = "GlobalGateway", "GlobalGateway\GlobalGateway.csproj", "{AE5DC7C6-8DB0-4591-9414-6E2C8A9B1003}"
EndProject
Global
	GlobalSection(SolutionConfigurationPlatforms) = preSolution
		Debug|Any CPU = Debug|Any CPU
		Release|Any CPU = Release|Any CPU
	EndGlobalSection
	GlobalSection(ProjectConfigurationPlatforms) = postSolution
		{AE5DC7C6-8DB0-4591-9414-6E2C8A9B1003}.Debug|Any CPU.ActiveCfg = Debug|Any CPU
		{AE5DC7C6-8DB0-4591-9414-6E2C8A9B1003}.Debug|Any CPU.Build.0 = Debug|Any CPU
		{AE5DC7C6-8DB0-4591-9414-6E2C8A9B1003}.Release|Any CPU.ActiveCfg = Release|Any CPU
		{AE5DC7C6-8DB0-4591-9414-6E2C8A9B1003}.Release|Any CPU.Build.0 = Release|Any CPU
	EndGlobalSection
	GlobalSection(SolutionProperties) = preSolution
		HideSolutionNode = FALSE
	EndGlobalSection
EndGlobal
